{
    "hash": "b41247863c9b507179fca9fc1f8f2044",
    "packages": [
        {
            "package": "pimple/pimple",
            "version": "1.0.0"
        },
        {
            "package": "symfony/class-loader",
            "version": "dev-master",
            "source-reference": "v2.1.0-BETA1"
        },
        {
            "package": "symfony/class-loader",
            "version": "dev-master",
            "alias-pretty-version": "2.1.x-dev",
            "alias-version": "2.1.9999999.9999999-dev"
        },
        {
            "package": "symfony/console",
            "version": "dev-master",
            "source-reference": "808bf42b4b74c12e6c6a6a9750688035f1c49f9c"
        },
        {
            "package": "symfony/console",
            "version": "dev-master",
            "alias-pretty-version": "2.1.x-dev",
            "alias-version": "2.1.9999999.9999999-dev"
        }
    ],
    "packages-dev": null,
    "aliases": [

    ],
    "minimum-stability": "dev",
    "stability-flags": [

    ]
}
